
Microsoft Visual Studio Solution File, Format Version 12.00
# Visual Studio Version 16
VisualStudioVersion = 16.0.31025.194
MinimumVisualStudioVersion = 10.0.40219.1
Project("{9A19103F-16F7-4668-BE54-9A1E7A4F7556}") = "ECommerceDemoApi", "ECommerceDemoApi\ECommerceDemoApi.csproj", "{163771DF-F1F1-41A6-B3ED-DA67D1B3792A}"
EndProject
Project("{9092AA53-FB77-4645-B42D-1CCCA6BD08BD}") = "EcommerceDemoReact", "EcommerceDemoReact\EcommerceDemoReact.njsproj", "{AD838AAC-728A-4702-AB59-78413577EC22}"
EndProject
Global
	GlobalSection(SolutionConfigurationPlatforms) = preSolution
		Debug|Any CPU = Debug|Any CPU
		Release|Any CPU = Release|Any CPU
	EndGlobalSection
	GlobalSection(ProjectConfigurationPlatforms) = postSolution
		{163771DF-F1F1-41A6-B3ED-DA67D1B3792A}.Debug|Any CPU.ActiveCfg = Debug|Any CPU
		{163771DF-F1F1-41A6-B3ED-DA67D1B3792A}.Debug|Any CPU.Build.0 = Debug|Any CPU
		{163771DF-F1F1-41A6-B3ED-DA67D1B3792A}.Release|Any CPU.ActiveCfg = Release|Any CPU
		{163771DF-F1F1-41A6-B3ED-DA67D1B3792A}.Release|Any CPU.Build.0 = Release|Any CPU
		{AD838AAC-728A-4702-AB59-78413577EC22}.Debug|Any CPU.ActiveCfg = Debug|Any CPU
		{AD838AAC-728A-4702-AB59-78413577EC22}.Debug|Any CPU.Build.0 = Debug|Any CPU
		{AD838AAC-728A-4702-AB59-78413577EC22}.Release|Any CPU.ActiveCfg = Release|Any CPU
		{AD838AAC-728A-4702-AB59-78413577EC22}.Release|Any CPU.Build.0 = Release|Any CPU
	EndGlobalSection
	GlobalSection(SolutionProperties) = preSolution
		HideSolutionNode = FALSE
	EndGlobalSection
	GlobalSection(ExtensibilityGlobals) = postSolution
		SolutionGuid = {90203DDE-9D55-473C-8333-2D6F9833F506}
	EndGlobalSection
EndGlobal
